// !$*UTF8*$!
{
	archiveVersion = 1;
	classes = {
	};
	objectVersion = 46;
	objects = {

/* Begin PBXBuildFile section */
		A70CA32B1AFBE105000C487E /* main.m in Sources */ = {isa = PBXBuildFile; fileRef = A70CA32A1AFBE105000C487E /* main.m */; };
		A70CA3331AFBE14F000C487E /* Doctor.m in Sources */ = {isa = PBXBuildFile; fileRef = A70CA3321AFBE14F000C487E /* Doctor.m */; };
		A70CA3361AFBE15C000C487E /* Patient.m in Sources */ = {isa = PBXBuildFile; fileRef = A70CA3351AFBE15C000C487E /* Patient.m */; };
		A70CA3391AFC11A4000C487E /* Medicine.m in Sources */ = {isa = PBXBuildFile; fileRef = A70CA3381AFC11A4000C487E /* Medicine.m */; };
/* End PBXBuildFile section */

/* Begin PBXCopyFilesBuildPhase section */
		A70CA3251AFBE105000C487E /* CopyFiles */ = {
			isa = PBXCopyFilesBuildPhase;
			buildActionMask = 2147483647;
			dstPath = /usr/share/man/man1/;
			dstSubfolderSpec = 0;
			files = (
			);
			runOnlyForDeploymentPostprocessing = 1;
		};
/* End PBXCopyFilesBuildPhase section */

/* Begin PBXFileReference section */
		A70CA3271AFBE105000C487E /* DocPatient */ = {isa = PBXFileReference; explicitFileType = "compiled.mach-o.executable"; includeInIndex = 0; path = DocPatient; sourceTree = BUILT_PRODUCTS_DIR; };
		A70CA32A1AFBE105000C487E /* main.m */ = {isa = PBXFileReference; lastKnownFileType = sourcecode.c.objc; path = main.m; sourceTree = "<group>"; };
		A70CA3311AFBE14F000C487E /* Doctor.h */ = {isa = PBXFileReference; fileEncoding = 4; lastKnownFileType = sourcecode.c.h; path = Doctor.h; sourceTree = "<group>"; };
		A70CA3321AFBE14F000C487E /* Doctor.m */ = {isa = PBXFileReference; fileEncoding = 4; lastKnownFileType = sourcecode.c.objc; path = Doctor.m; sourceTree = "<group>"; };
		A70CA3341AFBE15C000C487E /* Patient.h */ = {isa = PBXFileReference; fileEncoding = 4; lastKnownFileType = sourcecode.c.h; path = Patient.h; sourceTree = "<group>"; };
		A70CA3351AFBE15C000C487E /* Patient.m */ = {isa = PBXFileReference; fileEncoding = 4; lastKnownFileType = sourcecode.c.objc; path = Patient.m; sourceTree = "<group>"; };
		A70CA3371AFC11A4000C487E /* Medicine.h */ = {isa = PBXFileReference; fileEncoding = 4; lastKnownFileType = sourcecode.c.h; path = Medicine.h; sourceTree = "<group>"; };
		A70CA3381AFC11A4000C487E /* Medicine.m */ = {isa = PBXFileReference; fileEncoding = 4; lastKnownFileType = sourcecode.c.objc; path = Medicine.m; sourceTree = "<group>"; };
/* End PBXFileReference section */

/* Begin PBXFrameworksBuildPhase section */
		A70CA3241AFBE105000C487E /* Frameworks */ = {
			isa = PBXFrameworksBuildPhase;
			buildActionMask = 2147483647;
			files = (
			);
			runOnlyForDeploymentPostprocessing = 0;
		};
/* End PBXFrameworksBuildPhase section */

/* Begin PBXGroup section */
		A70CA31E1AFBE105000C487E = {
			isa = PBXGroup;
			children = (
				A70CA3291AFBE105000C487E /* DocPatient */,
				A70CA3281AFBE105000C487E /* Products */,
			);
			sourceTree = "<group>";
		};
		A70CA3281AFBE105000C487E /* Products */ = {
			isa = PBXGroup;
			children = (
				A70CA3271AFBE105000C487E /* DocPatient */,
			);
			name = Products;
			sourceTree = "<group>";
		};
		A70CA3291AFBE105000C487E /* DocPatient */ = {
			isa = PBXGroup;
			children = (
				A70CA32A1AFBE105000C487E /* main.m */,
				A70CA3311AFBE14F000C487E /* Doctor.h */,
				A70CA3321AFBE14F000C487E /* Doctor.m */,
				A70CA3341AFBE15C000C487E /* Patient.h */,
				A70CA3351AFBE15C000C487E /* Patient.m */,
				A70CA3371AFC11A4000C487E /* Medicine.h */,
				A70CA3381AFC11A4000C487E /* Medicine.m */,
			);
			path = DocPatient;
			sourceTree = "<group>";
		};
/* End PBXGroup section */

/* Begin PBXNativeTarget section */
		A70CA3261AFBE105000C487E /* DocPatient */ = {
			isa = PBXNativeTarget;
			buildConfigurationList = A70CA32E1AFBE105000C487E /* Build configuration list for PBXNativeTarget "DocPatient" */;
			buildPhases = (
				A70CA3231AFBE105000C487E /* Sources */,
				A70CA3241AFBE105000C487E /* Frameworks */,
				A70CA3251AFBE105000C487E /* CopyFiles */,
			);
			buildRules = (
			);
			dependencies = (
			);
			name = DocPatient;
			productName = DocPatient;
			productReference = A70CA3271AFBE105000C487E /* DocPatient */;
			productType = "com.apple.product-type.tool";
		};
/* End PBXNativeTarget section */

/* Begin PBXProject section */
		A70CA31F1AFBE105000C487E /* Project object */ = {
			isa = PBXProject;
			attributes = {
				LastUpgradeCheck = 0630;
				ORGANIZATIONNAME = "Oliver Andrews";
				TargetAttributes = {
					A70CA3261AFBE105000C487E = {
						CreatedOnToolsVersion = 6.3.1;
					};
				};
			};
			buildConfigurationList = A70CA3221AFBE105000C487E /* Build configuration list for PBXProject "DocPatient" */;
			compatibilityVersion = "Xcode 3.2";
			developmentRegion = English;
			hasScannedForEncodings = 0;
			knownRegions = (
				en,
			);
			mainGroup = A70CA31E1AFBE105000C487E;
			productRefGroup = A70CA3281AFBE105000C487E /* Products */;
			projectDirPath = "";
			projectRoot = "";
			targets = (
				A70CA3261AFBE105000C487E /* DocPatient */,
			);
		};
/* End PBXProject section */

/* Begin PBXSourcesBuildPhase section */
		A70CA3231AFBE105000C487E /* Sources */ = {
			isa = PBXSourcesBuildPhase;
			buildActionMask = 2147483647;
			files = (
				A70CA3361AFBE15C000C487E /* Patient.m in Sources */,
				A70CA3331AFBE14F000C487E /* Doctor.m in Sources */,
				A70CA32B1AFBE105000C487E /* main.m in Sources */,
				A70CA3391AFC11A4000C487E /* Medicine.m in Sources */,
			);
			runOnlyForDeploymentPostprocessing = 0;
		};
/* End PBXSourcesBuildPhase section */

/* Begin XCBuildConfiguration section */
		A70CA32C1AFBE105000C487E /* Debug */ = {
			isa = XCBuildConfiguration;
			buildSettings = {
				ALWAYS_SEARCH_USER_PATHS = NO;
				CLANG_CXX_LANGUAGE_STANDARD = "gnu++0x";
				CLANG_CXX_LIBRARY = "libc++";
				CLANG_ENABLE_MODULES = YES;
				CLANG_ENABLE_OBJC_ARC = YES;
				CLANG_WARN_BOOL_CONVERSION = YES;
				CLANG_WARN_CONSTANT_CONVERSION = YES;
				CLANG_WARN_DIRECT_OBJC_ISA_USAGE = YES_ERROR;
				CLANG_WARN_EMPTY_BODY = YES;
				CLANG_WARN_ENUM_CONVERSION = YES;
				CLANG_WARN_INT_CONVERSION = YES;
				CLANG_WARN_OBJC_ROOT_CLASS = YES_ERROR;
				CLANG_WARN_UNREACHABLE_CODE = YES;
				CLANG_WARN__DUPLICATE_METHOD_MATCH = YES;
				COPY_PHASE_STRIP = NO;
				DEBUG_INFORMATION_FORMAT = dwarf;
				ENABLE_STRICT_OBJC_MSGSEND = YES;
				GCC_C_LANGUAGE_STANDARD = gnu99;
				GCC_DYNAMIC_NO_PIC = NO;
				GCC_NO_COMMON_BLOCKS = YES;
				GCC_OPTIMIZATION_LEVEL = 0;
				GCC_PREPROCESSOR_DEFINITIONS = (
					"DEBUG=1",
					"$(inherited)",
				);
				GCC_SYMBOLS_PRIVATE_EXTERN = NO;
				GCC_WARN_64_TO_32_BIT_CONVERSION = YES;
				GCC_WARN_ABOUT_RETURN_TYPE = YES_ERROR;
				GCC_WARN_UNDECLARED_SELECTOR = YES;
				GCC_WARN_UNINITIALIZED_AUTOS = YES_AGGRESSIVE;
				GCC_WARN_UNUSED_FUNCTION = YES;
				GCC_WARN_UNUSED_VARIABLE = YES;
				MACOSX_DEPLOYMENT_TARGET = 10.10;
				MTL_ENABLE_DEBUG_INFO = YES;
				ONLY_ACTIVE_ARCH = YES;
				SDKROOT = macosx;
			};
			name = Debug;
		};
		A70CA32D1AFBE105000C487E /* Release */ = {
			isa = XCBuildConfiguration;
			buildSettings = {
				ALWAYS_SEARCH_USER_PATHS = NO;
				CLANG_CXX_LANGUAGE_STANDARD = "gnu++0x";
				CLANG_CXX_LIBRARY = "libc++";
				CLANG_ENABLE_MODULES = YES;
				CLANG_ENABLE_OBJC_ARC = YES;
				CLANG_WARN_BOOL_CONVERSION = YES;
				CLANG_WARN_CONSTANT_CONVERSION = YES;
				CLANG_WARN_DIRECT_OBJC_ISA_USAGE = YES_ERROR;
				CLANG_WARN_EMPTY_BODY = YES;
				CLANG_WARN_ENUM_CONVERSION = YES;
				CLANG_WARN_INT_CONVERSION = YES;
				CLANG_WARN_OBJC_ROOT_CLASS = YES_ERROR;
				CLANG_WARN_UNREACHABLE_CODE = YES;
				CLANG_WARN__DUPLICATE_METHOD_MATCH = YES;
				COPY_PHASE_STRIP = NO;
				DEBUG_INFORMATION_FORMAT = "dwarf-with-dsym";
				ENABLE_NS_ASSERTIONS = NO;
				ENABLE_STRICT_OBJC_MSGSEND = YES;
				GCC_C_LANGUAGE_STANDARD = gnu99;
				GCC_NO_COMMON_BLOCKS = YES;
				GCC_WARN_64_TO_32_BIT_CONVERSION = YES;
				GCC_WARN_ABOUT_RETURN_TYPE = YES_ERROR;
				GCC_WARN_UNDECLARED_SELECTOR = YES;
				GCC_WARN_UNINITIALIZED_AUTOS = YES_AGGRESSIVE;
				GCC_WARN_UNUSED_FUNCTION = YES;
				GCC_WARN_UNUSED_VARIABLE = YES;
				MACOSX_DEPLOYMENT_TARGET = 10.10;
				MTL_ENABLE_DEBUG_INFO = NO;
				SDKROOT = macosx;
			};
			name = Release;
		};
		A70CA32F1AFBE105000C487E /* Debug */ = {
			isa = XCBuildConfiguration;
			buildSettings = {
				PRODUCT_NAME = "$(TARGET_NAME)";
			};
			name = Debug;
		};
		A70CA3301AFBE105000C487E /* Release */ = {
			isa = XCBuildConfiguration;
			buildSettings = {
				PRODUCT_NAME = "$(TARGET_NAME)";
			};
			name = Release;
		};
/* End XCBuildConfiguration section */

/* Begin XCConfigurationList section */
		A70CA3221AFBE105000C487E /* Build configuration list for PBXProject "DocPatient" */ = {
			isa = XCConfigurationList;
			buildConfigurations = (
				A70CA32C1AFBE105000C487E /* Debug */,
				A70CA32D1AFBE105000C487E /* Release */,
			);
			defaultConfigurationIsVisible = 0;
			defaultConfigurationName = Release;
		};
		A70CA32E1AFBE105000C487E /* Build configuration list for PBXNativeTarget "DocPatient" */ = {
			isa = XCConfigurationList;
			buildConfigurations = (
				A70CA32F1AFBE105000C487E /* Debug */,
				A70CA3301AFBE105000C487E /* Release */,
			);
			defaultConfigurationIsVisible = 0;
		};
/* End XCConfigurationList section */
	};
	rootObject = A70CA31F1AFBE105000C487E /* Project object */;
}
